
Microsoft Visual Studio Solution File, Format Version 12.00
# Visual Studio Version 16
VisualStudioVersion = 16.0.32228.343
MinimumVisualStudioVersion = 10.0.40219.1
Project("{FAE04EC0-301F-11D3-BF4B-00C04F79EFBC}") = "sayitahmin", "sayitahmin\sayitahmin.csproj", "{49EE9EF0-2B22-4492-BFAF-AEC8142C7BEB}"
EndProject
Global
	GlobalSection(SolutionConfigurationPlatforms) = preSolution
		Debug|Any CPU = Debug|Any CPU
		Release|Any CPU = Release|Any CPU
	EndGlobalSection
	GlobalSection(ProjectConfigurationPlatforms) = postSolution
		{49EE9EF0-2B22-4492-BFAF-AEC8142C7BEB}.Debug|Any CPU.ActiveCfg = Debug|Any CPU
		{49EE9EF0-2B22-4492-BFAF-AEC8142C7BEB}.Debug|Any CPU.Build.0 = Debug|Any CPU
		{49EE9EF0-2B22-4492-BFAF-AEC8142C7BEB}.Release|Any CPU.ActiveCfg = Release|Any CPU
		{49EE9EF0-2B22-4492-BFAF-AEC8142C7BEB}.Release|Any CPU.Build.0 = Release|Any CPU
	EndGlobalSection
	GlobalSection(SolutionProperties) = preSolution
		HideSolutionNode = FALSE
	EndGlobalSection
	GlobalSection(ExtensibilityGlobals) = postSolution
		SolutionGuid = {DE5D7929-AA61-4E9E-800A-26B851ED58C8}
	EndGlobalSection
EndGlobal
